{
  "name": "test",
  "version": "3.3.8",
  "lockfileVersion": 2,
  "requires": true,
  "packages": {
    "": {
      "name": "test",
      "version": "3.3.8",
      "license": "MIT",
      "dependencies": {
        "mescroll-uni": "^1.3.7",
        "thorui-uni": "^2.8.0"
      }
    },
    "node_modules/mescroll-uni": {
      "version": "1.3.7",
      "resolved": "https://registry.npmmirror.com/mescroll-uni/-/mescroll-uni-1.3.7.tgz",
      "integrity": "sha512-1pQMtGA+iVRKhfJZZNXdBx05NnthIk6zm3hRbumswSA54eaKOMgpUDb9AQ2+rRdXmS6kLkEYSbW/fkb7/IyoAg=="
    },
    "node_modules/thorui-uni": {
      "version": "2.8.0",
      "resolved": "https://registry.npmmirror.com/thorui-uni/-/thorui-uni-2.8.0.tgz",
      "integrity": "sha512-dA4mZ1z9JQcppNJtJT9V+CeXMcw2TXzxDzitv1wJL8as552SKfikOksI5zCHZ2mIEEKPxADWjg4MDUDgeZOmyA=="
    }
  },
  "dependencies": {
    "mescroll-uni": {
      "version": "1.3.7",
      "resolved": "https://registry.npmmirror.com/mescroll-uni/-/mescroll-uni-1.3.7.tgz",
      "integrity": "sha512-1pQMtGA+iVRKhfJZZNXdBx05NnthIk6zm3hRbumswSA54eaKOMgpUDb9AQ2+rRdXmS6kLkEYSbW/fkb7/IyoAg=="
    },
    "thorui-uni": {
      "version": "2.8.0",
      "resolved": "https://registry.npmmirror.com/thorui-uni/-/thorui-uni-2.8.0.tgz",
      "integrity": "sha512-dA4mZ1z9JQcppNJtJT9V+CeXMcw2TXzxDzitv1wJL8as552SKfikOksI5zCHZ2mIEEKPxADWjg4MDUDgeZOmyA=="
    }
  }
}
